
Microsoft Visual Studio Solution File, Format Version 12.00
# Visual Studio Version 17
VisualStudioVersion = 17.7.34221.43
MinimumVisualStudioVersion = 10.0.40219.1
Project("{9A19103F-16F7-4668-BE54-9A1E7A4F7556}") = "PierwszaAplikacjaKonsolowa", "PierwszaAplikacjaKonsolowa\PierwszaAplikacjaKonsolowa.csproj", "{ADFE4CE2-31BF-4A3B-9D70-27AC9BE87B41}"
EndProject
Project("{9A19103F-16F7-4668-BE54-9A1E7A4F7556}") = "ProgramowanieObiektowe", "..\ProgramowanieObiektowe\ProgramowanieObiektowe.csproj", "{C4F8D8EF-531B-4856-BC05-D2DA37AA383E}"
EndProject
Project("{9A19103F-16F7-4668-BE54-9A1E7A4F7556}") = "TestyJednostkowe", "..\TestyJednostkowe\TestyJednostkowe.csproj", "{5DB9F4D2-9CF5-4B6D-BC80-FE02D8E71ABC}"
EndProject
Project("{9A19103F-16F7-4668-BE54-9A1E7A4F7556}") = "ProgramowanieObiektoweCzęśćII", "..\ProgramowanieObiektoweCzęśćII\ProgramowanieObiektoweCzęśćII.csproj", "{9FB0E47D-8DFA-4CD0-BADF-F56BA6FA404D}"
EndProject
Project("{9A19103F-16F7-4668-BE54-9A1E7A4F7556}") = "OperacjeNaDanych", "..\OperacjeNaDanych\OperacjeNaDanych.csproj", "{5BE8DC72-8463-4415-8336-D75876D44DAA}"
EndProject
Project("{9A19103F-16F7-4668-BE54-9A1E7A4F7556}") = "BazaDanych", "..\BazaDanych\BazaDanych.csproj", "{A0823221-8F8C-49B5-950E-7AA2B9EF385E}"
EndProject
Project("{9A19103F-16F7-4668-BE54-9A1E7A4F7556}") = "TodoApp.Core", "..\TodoApp.Core\TodoApp.Core.csproj", "{20990CDD-B4C9-438D-AF58-0C80A44117F6}"
EndProject
Project("{9A19103F-16F7-4668-BE54-9A1E7A4F7556}") = "TodoApp.Infrastructure", "..\TodoApp.Infrastructure\TodoApp.Infrastructure.csproj", "{B37092EC-3E36-49F3-AC66-A5F17B0127D6}"
EndProject
Project("{9A19103F-16F7-4668-BE54-9A1E7A4F7556}") = "TodoApp.UnitTests", "..\TodoApp.UnitTests\TodoApp.UnitTests.csproj", "{758D0EC4-9F1D-499C-A433-2357CB879514}"
EndProject
Project("{9A19103F-16F7-4668-BE54-9A1E7A4F7556}") = "TodoAppConsole", "..\TodoAppConsole\TodoAppConsole.csproj", "{02808D4C-486A-4831-A856-743DCB96BE5D}"
EndProject
Project("{9A19103F-16F7-4668-BE54-9A1E7A4F7556}") = "TodoApp.IntegrationTests", "..\TodoApp.IntegrationTests\TodoApp.IntegrationTests.csproj", "{B21744FC-23FB-4AAD-90FD-CAC087C3D506}"
EndProject
Project("{9A19103F-16F7-4668-BE54-9A1E7A4F7556}") = "TodoApp.Migrations", "..\TodoApp.Migrations\TodoApp.Migrations.csproj", "{8698A7AA-C8CB-4D81-ADDB-2D96F98437E7}"
EndProject
Project("{FAE04EC0-301F-11D3-BF4B-00C04F79EFBC}") = "TodoApp.Api", "..\TodoApp.Api\TodoApp.Api.csproj", "{159B0920-DBB5-4E5A-9104-11C9E88B0CE7}"
EndProject
Global
	GlobalSection(SolutionConfigurationPlatforms) = preSolution
		Debug|Any CPU = Debug|Any CPU
		Release|Any CPU = Release|Any CPU
	EndGlobalSection
	GlobalSection(ProjectConfigurationPlatforms) = postSolution
		{ADFE4CE2-31BF-4A3B-9D70-27AC9BE87B41}.Debug|Any CPU.ActiveCfg = Debug|Any CPU
		{ADFE4CE2-31BF-4A3B-9D70-27AC9BE87B41}.Debug|Any CPU.Build.0 = Debug|Any CPU
		{ADFE4CE2-31BF-4A3B-9D70-27AC9BE87B41}.Release|Any CPU.ActiveCfg = Release|Any CPU
		{ADFE4CE2-31BF-4A3B-9D70-27AC9BE87B41}.Release|Any CPU.Build.0 = Release|Any CPU
		{C4F8D8EF-531B-4856-BC05-D2DA37AA383E}.Debug|Any CPU.ActiveCfg = Debug|Any CPU
		{C4F8D8EF-531B-4856-BC05-D2DA37AA383E}.Debug|Any CPU.Build.0 = Debug|Any CPU
		{C4F8D8EF-531B-4856-BC05-D2DA37AA383E}.Release|Any CPU.ActiveCfg = Release|Any CPU
		{C4F8D8EF-531B-4856-BC05-D2DA37AA383E}.Release|Any CPU.Build.0 = Release|Any CPU
		{5DB9F4D2-9CF5-4B6D-BC80-FE02D8E71ABC}.Debug|Any CPU.ActiveCfg = Debug|Any CPU
		{5DB9F4D2-9CF5-4B6D-BC80-FE02D8E71ABC}.Debug|Any CPU.Build.0 = Debug|Any CPU
		{5DB9F4D2-9CF5-4B6D-BC80-FE02D8E71ABC}.Release|Any CPU.ActiveCfg = Release|Any CPU
		{5DB9F4D2-9CF5-4B6D-BC80-FE02D8E71ABC}.Release|Any CPU.Build.0 = Release|Any CPU
		{9FB0E47D-8DFA-4CD0-BADF-F56BA6FA404D}.Debug|Any CPU.ActiveCfg = Debug|Any CPU
		{9FB0E47D-8DFA-4CD0-BADF-F56BA6FA404D}.Debug|Any CPU.Build.0 = Debug|Any CPU
		{9FB0E47D-8DFA-4CD0-BADF-F56BA6FA404D}.Release|Any CPU.ActiveCfg = Release|Any CPU
		{9FB0E47D-8DFA-4CD0-BADF-F56BA6FA404D}.Release|Any CPU.Build.0 = Release|Any CPU
		{5BE8DC72-8463-4415-8336-D75876D44DAA}.Debug|Any CPU.ActiveCfg = Debug|Any CPU
		{5BE8DC72-8463-4415-8336-D75876D44DAA}.Debug|Any CPU.Build.0 = Debug|Any CPU
		{5BE8DC72-8463-4415-8336-D75876D44DAA}.Release|Any CPU.ActiveCfg = Release|Any CPU
		{5BE8DC72-8463-4415-8336-D75876D44DAA}.Release|Any CPU.Build.0 = Release|Any CPU
		{A0823221-8F8C-49B5-950E-7AA2B9EF385E}.Debug|Any CPU.ActiveCfg = Debug|Any CPU
		{A0823221-8F8C-49B5-950E-7AA2B9EF385E}.Debug|Any CPU.Build.0 = Debug|Any CPU
		{A0823221-8F8C-49B5-950E-7AA2B9EF385E}.Release|Any CPU.ActiveCfg = Release|Any CPU
		{A0823221-8F8C-49B5-950E-7AA2B9EF385E}.Release|Any CPU.Build.0 = Release|Any CPU
		{20990CDD-B4C9-438D-AF58-0C80A44117F6}.Debug|Any CPU.ActiveCfg = Debug|Any CPU
		{20990CDD-B4C9-438D-AF58-0C80A44117F6}.Debug|Any CPU.Build.0 = Debug|Any CPU
		{20990CDD-B4C9-438D-AF58-0C80A44117F6}.Release|Any CPU.ActiveCfg = Release|Any CPU
		{20990CDD-B4C9-438D-AF58-0C80A44117F6}.Release|Any CPU.Build.0 = Release|Any CPU
		{B37092EC-3E36-49F3-AC66-A5F17B0127D6}.Debug|Any CPU.ActiveCfg = Debug|Any CPU
		{B37092EC-3E36-49F3-AC66-A5F17B0127D6}.Debug|Any CPU.Build.0 = Debug|Any CPU
		{B37092EC-3E36-49F3-AC66-A5F17B0127D6}.Release|Any CPU.ActiveCfg = Release|Any CPU
		{B37092EC-3E36-49F3-AC66-A5F17B0127D6}.Release|Any CPU.Build.0 = Release|Any CPU
		{758D0EC4-9F1D-499C-A433-2357CB879514}.Debug|Any CPU.ActiveCfg = Debug|Any CPU
		{758D0EC4-9F1D-499C-A433-2357CB879514}.Debug|Any CPU.Build.0 = Debug|Any CPU
		{758D0EC4-9F1D-499C-A433-2357CB879514}.Release|Any CPU.ActiveCfg = Release|Any CPU
		{758D0EC4-9F1D-499C-A433-2357CB879514}.Release|Any CPU.Build.0 = Release|Any CPU
		{02808D4C-486A-4831-A856-743DCB96BE5D}.Debug|Any CPU.ActiveCfg = Debug|Any CPU
		{02808D4C-486A-4831-A856-743DCB96BE5D}.Debug|Any CPU.Build.0 = Debug|Any CPU
		{02808D4C-486A-4831-A856-743DCB96BE5D}.Release|Any CPU.ActiveCfg = Release|Any CPU
		{02808D4C-486A-4831-A856-743DCB96BE5D}.Release|Any CPU.Build.0 = Release|Any CPU
		{B21744FC-23FB-4AAD-90FD-CAC087C3D506}.Debug|Any CPU.ActiveCfg = Debug|Any CPU
		{B21744FC-23FB-4AAD-90FD-CAC087C3D506}.Debug|Any CPU.Build.0 = Debug|Any CPU
		{B21744FC-23FB-4AAD-90FD-CAC087C3D506}.Release|Any CPU.ActiveCfg = Release|Any CPU
		{B21744FC-23FB-4AAD-90FD-CAC087C3D506}.Release|Any CPU.Build.0 = Release|Any CPU
		{8698A7AA-C8CB-4D81-ADDB-2D96F98437E7}.Debug|Any CPU.ActiveCfg = Debug|Any CPU
		{8698A7AA-C8CB-4D81-ADDB-2D96F98437E7}.Debug|Any CPU.Build.0 = Debug|Any CPU
		{8698A7AA-C8CB-4D81-ADDB-2D96F98437E7}.Release|Any CPU.ActiveCfg = Release|Any CPU
		{8698A7AA-C8CB-4D81-ADDB-2D96F98437E7}.Release|Any CPU.Build.0 = Release|Any CPU
		{159B0920-DBB5-4E5A-9104-11C9E88B0CE7}.Debug|Any CPU.ActiveCfg = Debug|Any CPU
		{159B0920-DBB5-4E5A-9104-11C9E88B0CE7}.Debug|Any CPU.Build.0 = Debug|Any CPU
		{159B0920-DBB5-4E5A-9104-11C9E88B0CE7}.Release|Any CPU.ActiveCfg = Release|Any CPU
		{159B0920-DBB5-4E5A-9104-11C9E88B0CE7}.Release|Any CPU.Build.0 = Release|Any CPU
	EndGlobalSection
	GlobalSection(SolutionProperties) = preSolution
		HideSolutionNode = FALSE
	EndGlobalSection
	GlobalSection(ExtensibilityGlobals) = postSolution
		SolutionGuid = {890246A6-4590-415D-8ACD-659BD0A653C2}
	EndGlobalSection
EndGlobal
